[[package]]
name = "beautifulsoup4"
version = "4.9.3"
description = "Screen-scraping library"
category = "main"
optional = false
python-versions = "*"

[package.dependencies]
soupsieve = {version = ">1.2", markers = "python_version >= \"3.0\""}

[package.extras]
html5lib = ["html5lib"]
lxml = ["lxml"]

[[package]]
name = "certifi"
version = "2020.12.5"
description = "Python package for providing Mozilla's CA Bundle."
category = "main"
optional = false
python-versions = "*"

[[package]]
name = "chardet"
version = "4.0.0"
description = "Universal encoding detector for Python 2 and 3"
category = "main"
optional = false
python-versions = ">=2.7, !=3.0.*, !=3.1.*, !=3.2.*, !=3.3.*, !=3.4.*"

[[package]]
name = "idna"
version = "2.10"
description = "Internationalized Domain Names in Applications (IDNA)"
category = "main"
optional = false
python-versions = ">=2.7, !=3.0.*, !=3.1.*, !=3.2.*, !=3.3.*"

[[package]]
name = "lyricsgenius"
version = "2.0.2"
description = "Download lyrics and metadata from Genius.com"
category = "main"
optional = false
python-versions = "*"

[package.dependencies]
beautifulsoup4 = ">=4.6.0"
requests = ">=2.20.0"

[package.extras]
checks = ["tox (>=3.2,<4.0)", "doc8", "flake8", "flake8-bugbear", "pygments"]
dev = ["sphinx (>=3.2,<4.0)", "sphinx-rtd-theme", "pytest (>=6.0,<7.0)", "tox (>=3.2,<4.0)", "doc8", "flake8", "flake8-bugbear", "pygments"]
docs = ["sphinx (>=3.2,<4.0)", "sphinx-rtd-theme"]
tests = ["pytest (>=6.0,<7.0)"]

[[package]]
name = "pyqt5"
version = "5.15.3"
description = "Python bindings for the Qt cross platform application toolkit"
category = "main"
optional = false
python-versions = ">=3.6"

[package.dependencies]
PyQt5-Qt = ">=5.15"
PyQt5-sip = ">=12.8,<13"

[[package]]
name = "pyqt5-qt"
version = "5.15.2"
description = "The subset of a Qt installation needed by PyQt5."
category = "main"
optional = false
python-versions = "*"

[[package]]
name = "pyqt5-sip"
version = "12.8.1"
description = "The sip module support for PyQt5"
category = "main"
optional = false
python-versions = ">=3.5"

[[package]]
name = "pyqt5-stubs"
version = "5.15.2.0"
description = "PEP561 stub files for the PyQt5 framework"
category = "dev"
optional = false
python-versions = ">= 3.5"

[package.extras]
build = ["docker (==4.2.0)"]

[[package]]
name = "pyqtwebengine"
version = "5.15.3"
description = "Python bindings for the Qt WebEngine framework"
category = "main"
optional = false
python-versions = ">=3.6"

[package.dependencies]
PyQt5 = ">=5.15.3"
PyQt5-sip = ">=12.8,<13"
PyQtWebEngine-Qt = ">=5.15"

[[package]]
name = "pyqtwebengine-qt"
version = "5.15.2"
description = "The subset of a Qt installation needed by PyQtWebEngine."
category = "main"
optional = false
python-versions = "*"

[[package]]
name = "pysocks"
version = "1.7.1"
description = "A Python SOCKS client module. See https://github.com/Anorov/PySocks for more information."
category = "main"
optional = false
python-versions = ">=2.7, !=3.0.*, !=3.1.*, !=3.2.*, !=3.3.*"

[[package]]
name = "requests"
version = "2.25.1"
description = "Python HTTP for Humans."
category = "main"
optional = false
python-versions = ">=2.7, !=3.0.*, !=3.1.*, !=3.2.*, !=3.3.*, !=3.4.*"

[package.dependencies]
certifi = ">=2017.4.17"
chardet = ">=3.0.2,<5"
idna = ">=2.5,<3"
urllib3 = ">=1.21.1,<1.27"

[package.extras]
security = ["pyOpenSSL (>=0.14)", "cryptography (>=1.3.4)"]
socks = ["PySocks (>=1.5.6,!=1.5.7)", "win-inet-pton"]

[[package]]
name = "soupsieve"
version = "2.2"
description = "A modern CSS selector implementation for Beautiful Soup."
category = "main"
optional = false
python-versions = ">=3.6"

[[package]]
name = "urllib3"
version = "1.26.3"
description = "HTTP library with thread-safe connection pooling, file post, and more."
category = "main"
optional = false
python-versions = ">=2.7, !=3.0.*, !=3.1.*, !=3.2.*, !=3.3.*, !=3.4.*, <4"

[package.extras]
brotli = ["brotlipy (>=0.6.0)"]
secure = ["pyOpenSSL (>=0.14)", "cryptography (>=1.3.4)", "idna (>=2.0.0)", "certifi", "ipaddress"]
socks = ["PySocks (>=1.5.6,!=1.5.7,<2.0)"]

[[package]]
name = "yandex-music"
version = "1.0.0"
description = "Делаю то, что по определённым причинам не сделала компания Yandex."
category = "main"
optional = false
python-versions = "~=3.6"

[package.dependencies]
certifi = "2020.12.5"
chardet = "4.0.0"
idna = "2.10"
pysocks = "1.7.1"
requests = "2.25.1"
urllib3 = "1.26.3"

[metadata]
lock-version = "1.1"
python-versions = "^3.7"
content-hash = "e97ac27cec04499a8094aa9d5dc2b84e758b47c1c522da87ab8c84bdae024eff"

[metadata.files]
beautifulsoup4 = [
    {file = "beautifulsoup4-4.9.3-py2-none-any.whl", hash = "sha256:4c98143716ef1cb40bf7f39a8e3eec8f8b009509e74904ba3a7b315431577e35"},
    {file = "beautifulsoup4-4.9.3-py3-none-any.whl", hash = "sha256:fff47e031e34ec82bf17e00da8f592fe7de69aeea38be00523c04623c04fb666"},
    {file = "beautifulsoup4-4.9.3.tar.gz", hash = "sha256:84729e322ad1d5b4d25f805bfa05b902dd96450f43842c4e99067d5e1369eb25"},
]
certifi = [
    {file = "certifi-2020.12.5-py2.py3-none-any.whl", hash = "sha256:719a74fb9e33b9bd44cc7f3a8d94bc35e4049deebe19ba7d8e108280cfd59830"},
    {file = "certifi-2020.12.5.tar.gz", hash = "sha256:1a4995114262bffbc2413b159f2a1a480c969de6e6eb13ee966d470af86af59c"},
]
chardet = [
    {file = "chardet-4.0.0-py2.py3-none-any.whl", hash = "sha256:f864054d66fd9118f2e67044ac8981a54775ec5b67aed0441892edb553d21da5"},
    {file = "chardet-4.0.0.tar.gz", hash = "sha256:0d6f53a15db4120f2b08c94f11e7d93d2c911ee118b6b30a04ec3ee8310179fa"},
]
idna = [
    {file = "idna-2.10-py2.py3-none-any.whl", hash = "sha256:b97d804b1e9b523befed77c48dacec60e6dcb0b5391d57af6a65a312a90648c0"},
    {file = "idna-2.10.tar.gz", hash = "sha256:b307872f855b18632ce0c21c5e45be78c0ea7ae4c15c828c20788b26921eb3f6"},
]
lyricsgenius = [
    {file = "lyricsgenius-2.0.2-py3-none-any.whl", hash = "sha256:302481df7b04d2c0be98aac14a05635967d85a2cb80e641330bff71db3366ef2"},
    {file = "lyricsgenius-2.0.2.tar.gz", hash = "sha256:76b013862fbcc32486588ff1512412e3222b523c5f7807cad187e388e1bda2e9"},
]
pyqt5 = [
    {file = "PyQt5-5.15.3-cp36.cp37.cp38.cp39-abi3-macosx_10_13_intel.whl", hash = "sha256:69fdceed983ebd388f44ceab9b8a6c2c086c79c705182fcc7b06837e2ccf7ba3"},
    {file = "PyQt5-5.15.3-cp36.cp37.cp38.cp39-abi3-manylinux2014_x86_64.whl", hash = "sha256:8b9e07094382d51dc34f63c5a417b735dae1ad934a9dd9bc08bbc0a39452bfe8"},
    {file = "PyQt5-5.15.3-cp36.cp37.cp38.cp39-none-win32.whl", hash = "sha256:ef2682dc829d6603fb5c958274d721fb076fd84a88fcb8f9fc7655cbb72b2bfc"},
    {file = "PyQt5-5.15.3-cp36.cp37.cp38.cp39-none-win_amd64.whl", hash = "sha256:4e0fc6993df120e686528de46f2e002e930e24f99f103788724f0bd8bec9b4f7"},
    {file = "PyQt5-5.15.3.tar.gz", hash = "sha256:965ba50e7029b37f218a54ace24e87c77db3e5a9f0b83baeb21fb57b4154b838"},
]
pyqt5-qt = [
    {file = "PyQt5_Qt-5.15.2-py3-none-macosx_10_13_intel.whl", hash = "sha256:962511bfdc847f0746e1de92499cbb1ae127ca5ec356f009a6d9f924fe1230d5"},
    {file = "PyQt5_Qt-5.15.2-py3-none-manylinux2014_x86_64.whl", hash = "sha256:dec2e88fbfabc0d3365bb4007c88c75fc99fc75cfb418399aeb5acd1d5f7d484"},
    {file = "PyQt5_Qt-5.15.2-py3-none-win32.whl", hash = "sha256:8aba4f0a245c42f186a235c47011ee422a14b949e52fc64e697b10d1c433ff39"},
    {file = "PyQt5_Qt-5.15.2-py3-none-win_amd64.whl", hash = "sha256:756b8c055033b2d96d18e74e1380bdb64984b150879fa92cd62d327f78636153"},
]
pyqt5-sip = [
    {file = "PyQt5_sip-12.8.1-cp35-cp35m-macosx_10_6_intel.whl", hash = "sha256:bb5a87b66fc1445915104ee97f7a20a69decb42f52803e3b0795fa17ff88226c"},
    {file = "PyQt5_sip-12.8.1-cp35-cp35m-manylinux1_x86_64.whl", hash = "sha256:a29e2ac399429d3b7738f73e9081e50783e61ac5d29344e0802d0dcd6056c5a2"},
    {file = "PyQt5_sip-12.8.1-cp35-cp35m-win32.whl", hash = "sha256:0304ca9114b9817a270f67f421355075b78ff9fc25ac58ffd72c2601109d2194"},
    {file = "PyQt5_sip-12.8.1-cp35-cp35m-win_amd64.whl", hash = "sha256:84ba7746762bd223bed22428e8561aa267a229c28344c2d28c5d5d3f8970cffb"},
    {file = "PyQt5_sip-12.8.1-cp36-cp36m-macosx_10_6_intel.whl", hash = "sha256:7b81382ce188d63890a0e35abe0f9bb946cabc873a31873b73583b0fc84ac115"},
    {file = "PyQt5_sip-12.8.1-cp36-cp36m-manylinux1_x86_64.whl", hash = "sha256:b6d42250baec52a5f77de64e2951d001c5501c3a2df2179f625b241cbaec3369"},
    {file = "PyQt5_sip-12.8.1-cp36-cp36m-win32.whl", hash = "sha256:6c1ebee60f1d2b3c70aff866b7933d8d8d7646011f7c32f9321ee88c290aa4f9"},
    {file = "PyQt5_sip-12.8.1-cp36-cp36m-win_amd64.whl", hash = "sha256:34dcd29be47553d5f016ff86e89e24cbc5eebae92eb2f96fb32d2d7ba028c43c"},
    {file = "PyQt5_sip-12.8.1-cp37-cp37m-macosx_10_9_x86_64.whl", hash = "sha256:ed897c58acf4a3cdca61469daa31fe6e44c33c6c06a37c3f21fab31780b3b86a"},
    {file = "PyQt5_sip-12.8.1-cp37-cp37m-manylinux1_x86_64.whl", hash = "sha256:a1b8ef013086e224b8e86c93f880f776d01b59195bdfa2a8e0b23f0480678fec"},
    {file = "PyQt5_sip-12.8.1-cp37-cp37m-win32.whl", hash = "sha256:0cd969be528c27bbd4755bd323dff4a79a8fdda28215364e6ce3e069cb56c2a9"},
    {file = "PyQt5_sip-12.8.1-cp37-cp37m-win_amd64.whl", hash = "sha256:c9800729badcb247765e4ffe2241549d02da1fa435b9db224845bc37c3e99cb0"},
    {file = "PyQt5_sip-12.8.1-cp38-cp38-macosx_10_9_x86_64.whl", hash = "sha256:9312ec47cac4e33c11503bc1cbeeb0bdae619620472f38e2078c5a51020a930f"},
    {file = "PyQt5_sip-12.8.1-cp38-cp38-manylinux1_x86_64.whl", hash = "sha256:2f35e82fd7ec1e1f6716e9154721c7594956a4f5bd4f826d8c6a6453833cc2f0"},
    {file = "PyQt5_sip-12.8.1-cp38-cp38-win32.whl", hash = "sha256:da9c9f1e65b9d09e73bd75befc82961b6b61b5a3b9d0a7c832168e1415f163c6"},
    {file = "PyQt5_sip-12.8.1-cp38-cp38-win_amd64.whl", hash = "sha256:832fd60a264de4134c2824d393320838f3ab648180c9c357ec58a74524d24507"},
    {file = "PyQt5_sip-12.8.1-cp39-cp39-macosx_10_9_x86_64.whl", hash = "sha256:c317ab1263e6417c498b81f5c970a9b1af7acefab1f80b4cc0f2f8e661f29fc5"},
    {file = "PyQt5_sip-12.8.1-cp39-cp39-manylinux1_x86_64.whl", hash = "sha256:c9d6d448c29dc6606bb7974696608f81f4316c8234f7c7216396ed110075e777"},
    {file = "PyQt5_sip-12.8.1-cp39-cp39-win32.whl", hash = "sha256:5a011aeff89660622a6d5c3388d55a9d76932f3b82c95e82fc31abd8b1d2990d"},
    {file = "PyQt5_sip-12.8.1-cp39-cp39-win_amd64.whl", hash = "sha256:f168f0a7f32b81bfeffdf003c36f25d81c97dee5eb67072a5183e761fe250f13"},
    {file = "PyQt5_sip-12.8.1.tar.gz", hash = "sha256:30e944db9abee9cc757aea16906d4198129558533eb7fadbe48c5da2bd18e0bd"},
]
pyqt5-stubs = [
    {file = "PyQt5-stubs-5.15.2.0.tar.gz", hash = "sha256:dc0dea66f02fe297fb0cddd5767fbf58275b54ecb67f69ebeb994e1553bfb9b2"},
    {file = "PyQt5_stubs-5.15.2.0-py3-none-any.whl", hash = "sha256:4b750d04ffca1bb188615d1a4e7d655a1d81d30df6ee3488f0adfe09b78e3d36"},
]
pyqtwebengine = [
    {file = "PyQtWebEngine-5.15.3-cp36.cp37.cp38.cp39-abi3-macosx_10_13_intel.whl", hash = "sha256:0f5e44ea69c35d4b81a68d6a9f4b03e1b70930d08e12e925e67aa19c80bb3107"},
    {file = "PyQtWebEngine-5.15.3-cp36.cp37.cp38.cp39-abi3-manylinux2014_x86_64.whl", hash = "sha256:7edd19aa5a8b726f3bc747e0381f3a6916fd5fa839ade4ca5176198344d6a9b9"},
    {file = "PyQtWebEngine-5.15.3-cp36.cp37.cp38.cp39-none-win32.whl", hash = "sha256:fda580a5a184c7dcefce32b4b68f86d554be57e170a6e7fb67b386fcf3f70c7a"},
    {file = "PyQtWebEngine-5.15.3-cp36.cp37.cp38.cp39-none-win_amd64.whl", hash = "sha256:0d7669bb9183cb026d820938c10d643c9f0afbd240816a20efb6fc8a07316ea9"},
    {file = "PyQtWebEngine-5.15.3.tar.gz", hash = "sha256:0badc56e6c9ee2b7b4baa87511737d2a7f1de5a45f52b1da8f4965fc17dcf0b6"},
]
pyqtwebengine-qt = [
    {file = "PyQtWebEngine_Qt-5.15.2-py3-none-macosx_10_13_intel.whl", hash = "sha256:7d74d92f24096f9e78bd75f4b225cc72d38b93e408396c7f648208057ef997c6"},
    {file = "PyQtWebEngine_Qt-5.15.2-py3-none-manylinux2014_x86_64.whl", hash = "sha256:8c261c3ade708c4a20637f74c8bfece75cf803c202fbade7f7ae2dce0f6503fa"},
    {file = "PyQtWebEngine_Qt-5.15.2-py3-none-win32.whl", hash = "sha256:ed13ea2659b0bae252b802c95c3d8fa712626e1a91a593595360619c0945ec9a"},
    {file = "PyQtWebEngine_Qt-5.15.2-py3-none-win_amd64.whl", hash = "sha256:5624c82626c0fac01e0d75717f41c035f0631f9ff25502e59178d0f12fbb59cf"},
]
pysocks = [
    {file = "PySocks-1.7.1-py27-none-any.whl", hash = "sha256:08e69f092cc6dbe92a0fdd16eeb9b9ffbc13cadfe5ca4c7bd92ffb078b293299"},
    {file = "PySocks-1.7.1-py3-none-any.whl", hash = "sha256:2725bd0a9925919b9b51739eea5f9e2bae91e83288108a9ad338b2e3a4435ee5"},
    {file = "PySocks-1.7.1.tar.gz", hash = "sha256:3f8804571ebe159c380ac6de37643bb4685970655d3bba243530d6558b799aa0"},
]
requests = [
    {file = "requests-2.25.1-py2.py3-none-any.whl", hash = "sha256:c210084e36a42ae6b9219e00e48287def368a26d03a048ddad7bfee44f75871e"},
    {file = "requests-2.25.1.tar.gz", hash = "sha256:27973dd4a904a4f13b263a19c866c13b92a39ed1c964655f025f3f8d3d75b804"},
]
soupsieve = [
    {file = "soupsieve-2.2-py3-none-any.whl", hash = "sha256:d3a5ea5b350423f47d07639f74475afedad48cf41c0ad7a82ca13a3928af34f6"},
    {file = "soupsieve-2.2.tar.gz", hash = "sha256:407fa1e8eb3458d1b5614df51d9651a1180ea5fedf07feb46e45d7e25e6d6cdd"},
]
urllib3 = [
    {file = "urllib3-1.26.3-py2.py3-none-any.whl", hash = "sha256:1b465e494e3e0d8939b50680403e3aedaa2bc434b7d5af64dfd3c958d7f5ae80"},
    {file = "urllib3-1.26.3.tar.gz", hash = "sha256:de3eedaad74a2683334e282005cd8d7f22f4d55fa690a2a1020a416cb0a47e73"},
]
yandex-music = [
    {file = "yandex-music-1.0.0.tar.gz", hash = "sha256:10a7eecad4b01d97eadd3c248f376e9ea35832a37728a34f4bc7ea25e7c08ed3"},
]
